
Microsoft Visual Studio Solution File, Format Version 12.00
# Visual Studio Version 17
VisualStudioVersion = 17.9.34607.119
MinimumVisualStudioVersion = 10.0.40219.1
Project("{9A19103F-16F7-4668-BE54-9A1E7A4F7556}") = "DilangramCore", "DilangramCore\DilangramCore.csproj", "{985EB8B9-D557-4D2A-AD25-BDF95C2510CA}"
EndProject
Project("{9A19103F-16F7-4668-BE54-9A1E7A4F7556}") = "GTranslatorAPI", "GTranslatorAPI\GTranslatorAPI.csproj", "{E3EA5CA6-DAD2-4B21-A653-FA304B518E15}"
EndProject
Global
	GlobalSection(SolutionConfigurationPlatforms) = preSolution
		Debug|Any CPU = Debug|Any CPU
		Release|Any CPU = Release|Any CPU
	EndGlobalSection
	GlobalSection(ProjectConfigurationPlatforms) = postSolution
		{985EB8B9-D557-4D2A-AD25-BDF95C2510CA}.Debug|Any CPU.ActiveCfg = Debug|Any CPU
		{985EB8B9-D557-4D2A-AD25-BDF95C2510CA}.Debug|Any CPU.Build.0 = Debug|Any CPU
		{985EB8B9-D557-4D2A-AD25-BDF95C2510CA}.Release|Any CPU.ActiveCfg = Release|Any CPU
		{985EB8B9-D557-4D2A-AD25-BDF95C2510CA}.Release|Any CPU.Build.0 = Release|Any CPU
		{E3EA5CA6-DAD2-4B21-A653-FA304B518E15}.Debug|Any CPU.ActiveCfg = Debug|Any CPU
		{E3EA5CA6-DAD2-4B21-A653-FA304B518E15}.Debug|Any CPU.Build.0 = Debug|Any CPU
		{E3EA5CA6-DAD2-4B21-A653-FA304B518E15}.Release|Any CPU.ActiveCfg = Release|Any CPU
		{E3EA5CA6-DAD2-4B21-A653-FA304B518E15}.Release|Any CPU.Build.0 = Release|Any CPU
	EndGlobalSection
	GlobalSection(SolutionProperties) = preSolution
		HideSolutionNode = FALSE
	EndGlobalSection
	GlobalSection(ExtensibilityGlobals) = postSolution
		SolutionGuid = {B4225773-A15C-4A10-884B-02C44AFC7721}
	EndGlobalSection
	GlobalSection(TeamFoundationVersionControl) = preSolution
		SccNumberOfProjects = 2
		SccEnterpriseProvider = {4CA58AB2-18FA-4F8D-95D4-32DDF27D184C}
		SccTeamFoundationServer = https://dev.azure.com/sabasarmayeh
		SccLocalPath0 = .
		SccProjectUniqueName1 = DilangramCore\\DilangramCore.csproj
		SccProjectName1 = DilangramCore
		SccLocalPath1 = DilangramCore
	EndGlobalSection
EndGlobal
